
Microsoft Visual Studio Solution File, Format Version 12.00
# Visual Studio 2012
Project("{FAE04EC0-301F-11D3-BF4B-00C04F79EFBC}") = "IPTVM3UPlaylist", "IPTVM3UPlaylist.csproj", "{9032757C-A9A0-42A1-BA82-2C47BAE96B99}"
EndProject
Global
	GlobalSection(SolutionConfigurationPlatforms) = preSolution
		Debug|Any CPU = Debug|Any CPU
		Release|Any CPU = Release|Any CPU
	EndGlobalSection
	GlobalSection(ProjectConfigurationPlatforms) = postSolution
		{9032757C-A9A0-42A1-BA82-2C47BAE96B99}.Debug|Any CPU.ActiveCfg = Debug|Any CPU
		{9032757C-A9A0-42A1-BA82-2C47BAE96B99}.Debug|Any CPU.Build.0 = Debug|Any CPU
		{9032757C-A9A0-42A1-BA82-2C47BAE96B99}.Release|Any CPU.ActiveCfg = Release|Any CPU
		{9032757C-A9A0-42A1-BA82-2C47BAE96B99}.Release|Any CPU.Build.0 = Release|Any CPU
	EndGlobalSection
EndGlobal
